
Microsoft Visual Studio Solution File, Format Version 12.00
# Visual Studio Version 17
VisualStudioVersion = 17.2.32602.215
MinimumVisualStudioVersion = 10.0.40219.1
Project("{FAE04EC0-301F-11D3-BF4B-00C04F79EFBC}") = "Tarea5", "Tarea5\Tarea5.csproj", "{0E69CD22-8D97-47D6-8872-6F8503C4F040}"
EndProject
Global
	GlobalSection(SolutionConfigurationPlatforms) = preSolution
		Debug|Any CPU = Debug|Any CPU
		Release|Any CPU = Release|Any CPU
	EndGlobalSection
	GlobalSection(ProjectConfigurationPlatforms) = postSolution
		{0E69CD22-8D97-47D6-8872-6F8503C4F040}.Debug|Any CPU.ActiveCfg = Debug|Any CPU
		{0E69CD22-8D97-47D6-8872-6F8503C4F040}.Debug|Any CPU.Build.0 = Debug|Any CPU
		{0E69CD22-8D97-47D6-8872-6F8503C4F040}.Release|Any CPU.ActiveCfg = Release|Any CPU
		{0E69CD22-8D97-47D6-8872-6F8503C4F040}.Release|Any CPU.Build.0 = Release|Any CPU
	EndGlobalSection
	GlobalSection(SolutionProperties) = preSolution
		HideSolutionNode = FALSE
	EndGlobalSection
	GlobalSection(ExtensibilityGlobals) = postSolution
		SolutionGuid = {9A74FBFF-7835-4B20-B850-6F89B02E6035}
	EndGlobalSection
EndGlobal
